// !$*UTF8*$!
{
	archiveVersion = 1;
	classes = {
	};
	objectVersion = 46;
	objects = {

/* Begin PBXBuildFile section */
		432DAA1D1A2475380090D777 /* main.m in Sources */ = {isa = PBXBuildFile; fileRef = 432DAA1C1A2475380090D777 /* main.m */; };
		432DAA261A2475380090D777 /* Main.storyboard in Resources */ = {isa = PBXBuildFile; fileRef = 432DAA241A2475380090D777 /* Main.storyboard */; };
		432DAA281A2475380090D777 /* Images.xcassets in Resources */ = {isa = PBXBuildFile; fileRef = 432DAA271A2475380090D777 /* Images.xcassets */; };
		432DAA2B1A2475380090D777 /* LaunchScreen.xib in Resources */ = {isa = PBXBuildFile; fileRef = 432DAA291A2475380090D777 /* LaunchScreen.xib */; };
		432DAA371A2475380090D777 /* social_photosTests.m in Sources */ = {isa = PBXBuildFile; fileRef = 432DAA361A2475380090D777 /* social_photosTests.m */; };
		432DAA431A24765D0090D777 /* FacebookSDK.framework in Frameworks */ = {isa = PBXBuildFile; fileRef = 432DAA411A24765D0090D777 /* FacebookSDK.framework */; };
		432DAA461A2479190090D777 /* README.md in Sources */ = {isa = PBXBuildFile; fileRef = 432DAA451A2479190090D777 /* README.md */; };
		432DAA581A254C4E0090D777 /* AppDelegate.m in Sources */ = {isa = PBXBuildFile; fileRef = 432DAA521A254C4E0090D777 /* AppDelegate.m */; };
		432DAA591A254C4E0090D777 /* NTAlbumsTableViewController.m in Sources */ = {isa = PBXBuildFile; fileRef = 432DAA541A254C4E0090D777 /* NTAlbumsTableViewController.m */; };
		432DAA5A1A254C4E0090D777 /* NTHomeViewController.m in Sources */ = {isa = PBXBuildFile; fileRef = 432DAA561A254C4E0090D777 /* NTHomeViewController.m */; };
		432DAA601A254D960090D777 /* NTUser.m in Sources */ = {isa = PBXBuildFile; fileRef = 432DAA5F1A254D960090D777 /* NTUser.m */; };
		432DAA661A25638E0090D777 /* NTAlbumCollectionViewController.m in Sources */ = {isa = PBXBuildFile; fileRef = 432DAA651A25638E0090D777 /* NTAlbumCollectionViewController.m */; };
		432DAA681A25665C0090D777 /* texture.jpg in Resources */ = {isa = PBXBuildFile; fileRef = 432DAA671A25665C0090D777 /* texture.jpg */; };
		432DAA6B1A256ED80090D777 /* NTPhotosCollectionViewController.m in Sources */ = {isa = PBXBuildFile; fileRef = 432DAA6A1A256ED80090D777 /* NTPhotosCollectionViewController.m */; };
		432DAA6D1A2573440090D777 /* AssetsLibrary.framework in Frameworks */ = {isa = PBXBuildFile; fileRef = 432DAA6C1A2573440090D777 /* AssetsLibrary.framework */; };
		432DAA701A263ECE0090D777 /* UIAlertView+NTShow.m in Sources */ = {isa = PBXBuildFile; fileRef = 432DAA6F1A263ECE0090D777 /* UIAlertView+NTShow.m */; };
		432DAA731A2641B00090D777 /* UIActivityIndicatorView+NTShow.m in Sources */ = {isa = PBXBuildFile; fileRef = 432DAA721A2641B00090D777 /* UIActivityIndicatorView+NTShow.m */; };
		43F52A971A26E93100245C07 /* NTSocialInterface.m in Sources */ = {isa = PBXBuildFile; fileRef = 43F52A961A26E93100245C07 /* NTSocialInterface.m */; };
		43F52A9A1A26E94900245C07 /* NTAlbum.m in Sources */ = {isa = PBXBuildFile; fileRef = 43F52A991A26E94900245C07 /* NTAlbum.m */; };
/* End PBXBuildFile section */

/* Begin PBXContainerItemProxy section */
		432DAA311A2475380090D777 /* PBXContainerItemProxy */ = {
			isa = PBXContainerItemProxy;
			containerPortal = 432DAA0F1A2475380090D777 /* Project object */;
			proxyType = 1;
			remoteGlobalIDString = 432DAA161A2475380090D777;
			remoteInfo = social_photos;
		};
/* End PBXContainerItemProxy section */

/* Begin PBXFileReference section */
		432DAA171A2475380090D777 /* social_photos.app */ = {isa = PBXFileReference; explicitFileType = wrapper.application; includeInIndex = 0; path = social_photos.app; sourceTree = BUILT_PRODUCTS_DIR; };
		432DAA1B1A2475380090D777 /* Info.plist */ = {isa = PBXFileReference; lastKnownFileType = text.plist.xml; path = Info.plist; sourceTree = "<group>"; };
		432DAA1C1A2475380090D777 /* main.m */ = {isa = PBXFileReference; lastKnownFileType = sourcecode.c.objc; path = main.m; sourceTree = "<group>"; };
		432DAA251A2475380090D777 /* Base */ = {isa = PBXFileReference; lastKnownFileType = file.storyboard; name = Base; path = Base.lproj/Main.storyboard; sourceTree = "<group>"; };
		432DAA271A2475380090D777 /* Images.xcassets */ = {isa = PBXFileReference; lastKnownFileType = folder.assetcatalog; path = Images.xcassets; sourceTree = "<group>"; };
		432DAA2A1A2475380090D777 /* Base */ = {isa = PBXFileReference; lastKnownFileType = file.xib; name = Base; path = Base.lproj/LaunchScreen.xib; sourceTree = "<group>"; };
		432DAA301A2475380090D777 /* social_photosTests.xctest */ = {isa = PBXFileReference; explicitFileType = wrapper.cfbundle; includeInIndex = 0; path = social_photosTests.xctest; sourceTree = BUILT_PRODUCTS_DIR; };
		432DAA351A2475380090D777 /* Info.plist */ = {isa = PBXFileReference; lastKnownFileType = text.plist.xml; path = Info.plist; sourceTree = "<group>"; };
		432DAA361A2475380090D777 /* social_photosTests.m */ = {isa = PBXFileReference; lastKnownFileType = sourcecode.c.objc; path = social_photosTests.m; sourceTree = "<group>"; };
		432DAA411A24765D0090D777 /* FacebookSDK.framework */ = {isa = PBXFileReference; lastKnownFileType = wrapper.framework; path = FacebookSDK.framework; sourceTree = "<group>"; };
		432DAA451A2479190090D777 /* README.md */ = {isa = PBXFileReference; fileEncoding = 4; lastKnownFileType = net.daringfireball.markdown; path = README.md; sourceTree = "<group>"; };
		432DAA511A254C4E0090D777 /* AppDelegate.h */ = {isa = PBXFileReference; fileEncoding = 4; lastKnownFileType = sourcecode.c.h; path = AppDelegate.h; sourceTree = "<group>"; };
		432DAA521A254C4E0090D777 /* AppDelegate.m */ = {isa = PBXFileReference; fileEncoding = 4; lastKnownFileType = sourcecode.c.objc; path = AppDelegate.m; sourceTree = "<group>"; };
		432DAA531A254C4E0090D777 /* NTAlbumsTableViewController.h */ = {isa = PBXFileReference; fileEncoding = 4; lastKnownFileType = sourcecode.c.h; path = NTAlbumsTableViewController.h; sourceTree = "<group>"; };
		432DAA541A254C4E0090D777 /* NTAlbumsTableViewController.m */ = {isa = PBXFileReference; fileEncoding = 4; lastKnownFileType = sourcecode.c.objc; path = NTAlbumsTableViewController.m; sourceTree = "<group>"; };
		432DAA551A254C4E0090D777 /* NTHomeViewController.h */ = {isa = PBXFileReference; fileEncoding = 4; lastKnownFileType = sourcecode.c.h; path = NTHomeViewController.h; sourceTree = "<group>"; };
		432DAA561A254C4E0090D777 /* NTHomeViewController.m */ = {isa = PBXFileReference; fileEncoding = 4; lastKnownFileType = sourcecode.c.objc; path = NTHomeViewController.m; sourceTree = "<group>"; };
		432DAA5E1A254D960090D777 /* NTUser.h */ = {isa = PBXFileReference; fileEncoding = 4; lastKnownFileType = sourcecode.c.h; path = NTUser.h; sourceTree = "<group>"; };
		432DAA5F1A254D960090D777 /* NTUser.m */ = {isa = PBXFileReference; fileEncoding = 4; lastKnownFileType = sourcecode.c.objc; path = NTUser.m; sourceTree = "<group>"; };
		432DAA611A2556BA0090D777 /* NTGlobal.h */ = {isa = PBXFileReference; fileEncoding = 4; lastKnownFileType = sourcecode.c.h; path = NTGlobal.h; sourceTree = "<group>"; };
		432DAA641A25638E0090D777 /* NTAlbumCollectionViewController.h */ = {isa = PBXFileReference; fileEncoding = 4; lastKnownFileType = sourcecode.c.h; path = NTAlbumCollectionViewController.h; sourceTree = "<group>"; };
		432DAA651A25638E0090D777 /* NTAlbumCollectionViewController.m */ = {isa = PBXFileReference; fileEncoding = 4; lastKnownFileType = sourcecode.c.objc; path = NTAlbumCollectionViewController.m; sourceTree = "<group>"; };
		432DAA671A25665C0090D777 /* texture.jpg */ = {isa = PBXFileReference; lastKnownFileType = image.jpeg; path = texture.jpg; sourceTree = "<group>"; };
		432DAA691A256ED80090D777 /* NTPhotosCollectionViewController.h */ = {isa = PBXFileReference; fileEncoding = 4; lastKnownFileType = sourcecode.c.h; path = NTPhotosCollectionViewController.h; sourceTree = "<group>"; };
		432DAA6A1A256ED80090D777 /* NTPhotosCollectionViewController.m */ = {isa = PBXFileReference; fileEncoding = 4; lastKnownFileType = sourcecode.c.objc; path = NTPhotosCollectionViewController.m; sourceTree = "<group>"; };
		432DAA6C1A2573440090D777 /* AssetsLibrary.framework */ = {isa = PBXFileReference; lastKnownFileType = wrapper.framework; name = AssetsLibrary.framework; path = System/Library/Frameworks/AssetsLibrary.framework; sourceTree = SDKROOT; };
		432DAA6E1A263ECE0090D777 /* UIAlertView+NTShow.h */ = {isa = PBXFileReference; fileEncoding = 4; lastKnownFileType = sourcecode.c.h; path = "UIAlertView+NTShow.h"; sourceTree = "<group>"; };
		432DAA6F1A263ECE0090D777 /* UIAlertView+NTShow.m */ = {isa = PBXFileReference; fileEncoding = 4; lastKnownFileType = sourcecode.c.objc; path = "UIAlertView+NTShow.m"; sourceTree = "<group>"; };
		432DAA711A2641B00090D777 /* UIActivityIndicatorView+NTShow.h */ = {isa = PBXFileReference; fileEncoding = 4; lastKnownFileType = sourcecode.c.h; path = "UIActivityIndicatorView+NTShow.h"; sourceTree = "<group>"; };
		432DAA721A2641B00090D777 /* UIActivityIndicatorView+NTShow.m */ = {isa = PBXFileReference; fileEncoding = 4; lastKnownFileType = sourcecode.c.objc; path = "UIActivityIndicatorView+NTShow.m"; sourceTree = "<group>"; };
		43F52A951A26E93100245C07 /* NTSocialInterface.h */ = {isa = PBXFileReference; fileEncoding = 4; lastKnownFileType = sourcecode.c.h; path = NTSocialInterface.h; sourceTree = "<group>"; };
		43F52A961A26E93100245C07 /* NTSocialInterface.m */ = {isa = PBXFileReference; fileEncoding = 4; lastKnownFileType = sourcecode.c.objc; path = NTSocialInterface.m; sourceTree = "<group>"; };
		43F52A981A26E94900245C07 /* NTAlbum.h */ = {isa = PBXFileReference; fileEncoding = 4; lastKnownFileType = sourcecode.c.h; path = NTAlbum.h; sourceTree = "<group>"; };
		43F52A991A26E94900245C07 /* NTAlbum.m */ = {isa = PBXFileReference; fileEncoding = 4; lastKnownFileType = sourcecode.c.objc; path = NTAlbum.m; sourceTree = "<group>"; };
/* End PBXFileReference section */

/* Begin PBXFrameworksBuildPhase section */
		432DAA141A2475380090D777 /* Frameworks */ = {
			isa = PBXFrameworksBuildPhase;
			buildActionMask = 2147483647;
			files = (
				432DAA6D1A2573440090D777 /* AssetsLibrary.framework in Frameworks */,
				432DAA431A24765D0090D777 /* FacebookSDK.framework in Frameworks */,
			);
			runOnlyForDeploymentPostprocessing = 0;
		};
		432DAA2D1A2475380090D777 /* Frameworks */ = {
			isa = PBXFrameworksBuildPhase;
			buildActionMask = 2147483647;
			files = (
			);
			runOnlyForDeploymentPostprocessing = 0;
		};
/* End PBXFrameworksBuildPhase section */

/* Begin PBXGroup section */
		432DAA0E1A2475380090D777 = {
			isa = PBXGroup;
			children = (
				432DAA451A2479190090D777 /* README.md */,
				432DAA441A2476640090D777 /* Frameworks */,
				432DAA191A2475380090D777 /* social_photos */,
				432DAA331A2475380090D777 /* social_photosTests */,
				432DAA181A2475380090D777 /* Products */,
			);
			sourceTree = "<group>";
		};
		432DAA181A2475380090D777 /* Products */ = {
			isa = PBXGroup;
			children = (
				432DAA171A2475380090D777 /* social_photos.app */,
				432DAA301A2475380090D777 /* social_photosTests.xctest */,
			);
			name = Products;
			sourceTree = "<group>";
		};
		432DAA191A2475380090D777 /* social_photos */ = {
			isa = PBXGroup;
			children = (
				432DAA4C1A254C4E0090D777 /* Resources */,
				432DAA501A254C4E0090D777 /* Sources */,
				432DAA241A2475380090D777 /* Main.storyboard */,
				432DAA271A2475380090D777 /* Images.xcassets */,
				432DAA291A2475380090D777 /* LaunchScreen.xib */,
				432DAA1A1A2475380090D777 /* Supporting Files */,
			);
			path = social_photos;
			sourceTree = "<group>";
		};
		432DAA1A1A2475380090D777 /* Supporting Files */ = {
			isa = PBXGroup;
			children = (
				432DAA1B1A2475380090D777 /* Info.plist */,
				432DAA1C1A2475380090D777 /* main.m */,
			);
			name = "Supporting Files";
			sourceTree = "<group>";
		};
		432DAA331A2475380090D777 /* social_photosTests */ = {
			isa = PBXGroup;
			children = (
				432DAA361A2475380090D777 /* social_photosTests.m */,
				432DAA341A2475380090D777 /* Supporting Files */,
			);
			path = social_photosTests;
			sourceTree = "<group>";
		};
		432DAA341A2475380090D777 /* Supporting Files */ = {
			isa = PBXGroup;
			children = (
				432DAA351A2475380090D777 /* Info.plist */,
			);
			name = "Supporting Files";
			sourceTree = "<group>";
		};
		432DAA441A2476640090D777 /* Frameworks */ = {
			isa = PBXGroup;
			children = (
				432DAA6C1A2573440090D777 /* AssetsLibrary.framework */,
				432DAA411A24765D0090D777 /* FacebookSDK.framework */,
			);
			name = Frameworks;
			sourceTree = "<group>";
		};
		432DAA4C1A254C4E0090D777 /* Resources */ = {
			isa = PBXGroup;
			children = (
				432DAA4D1A254C4E0090D777 /* Fonts */,
				432DAA4E1A254C4E0090D777 /* Images */,
			);
			path = Resources;
			sourceTree = "<group>";
		};
		432DAA4D1A254C4E0090D777 /* Fonts */ = {
			isa = PBXGroup;
			children = (
			);
			path = Fonts;
			sourceTree = "<group>";
		};
		432DAA4E1A254C4E0090D777 /* Images */ = {
			isa = PBXGroup;
			children = (
				432DAA671A25665C0090D777 /* texture.jpg */,
			);
			path = Images;
			sourceTree = "<group>";
		};
		432DAA501A254C4E0090D777 /* Sources */ = {
			isa = PBXGroup;
			children = (
				432DAA6E1A263ECE0090D777 /* UIAlertView+NTShow.h */,
				432DAA6F1A263ECE0090D777 /* UIAlertView+NTShow.m */,
				432DAA611A2556BA0090D777 /* NTGlobal.h */,
				432DAA511A254C4E0090D777 /* AppDelegate.h */,
				432DAA521A254C4E0090D777 /* AppDelegate.m */,
				432DAA531A254C4E0090D777 /* NTAlbumsTableViewController.h */,
				432DAA541A254C4E0090D777 /* NTAlbumsTableViewController.m */,
				432DAA551A254C4E0090D777 /* NTHomeViewController.h */,
				432DAA561A254C4E0090D777 /* NTHomeViewController.m */,
				432DAA5E1A254D960090D777 /* NTUser.h */,
				432DAA5F1A254D960090D777 /* NTUser.m */,
				432DAA641A25638E0090D777 /* NTAlbumCollectionViewController.h */,
				432DAA651A25638E0090D777 /* NTAlbumCollectionViewController.m */,
				432DAA691A256ED80090D777 /* NTPhotosCollectionViewController.h */,
				432DAA6A1A256ED80090D777 /* NTPhotosCollectionViewController.m */,
				432DAA711A2641B00090D777 /* UIActivityIndicatorView+NTShow.h */,
				432DAA721A2641B00090D777 /* UIActivityIndicatorView+NTShow.m */,
				43F52A951A26E93100245C07 /* NTSocialInterface.h */,
				43F52A961A26E93100245C07 /* NTSocialInterface.m */,
				43F52A981A26E94900245C07 /* NTAlbum.h */,
				43F52A991A26E94900245C07 /* NTAlbum.m */,
			);
			path = Sources;
			sourceTree = "<group>";
		};
/* End PBXGroup section */

/* Begin PBXNativeTarget section */
		432DAA161A2475380090D777 /* social_photos */ = {
			isa = PBXNativeTarget;
			buildConfigurationList = 432DAA3A1A2475380090D777 /* Build configuration list for PBXNativeTarget "social_photos" */;
			buildPhases = (
				432DAA131A2475380090D777 /* Sources */,
				432DAA141A2475380090D777 /* Frameworks */,
				432DAA151A2475380090D777 /* Resources */,
			);
			buildRules = (
			);
			dependencies = (
			);
			name = social_photos;
			productName = social_photos;
			productReference = 432DAA171A2475380090D777 /* social_photos.app */;
			productType = "com.apple.product-type.application";
		};
		432DAA2F1A2475380090D777 /* social_photosTests */ = {
			isa = PBXNativeTarget;
			buildConfigurationList = 432DAA3D1A2475380090D777 /* Build configuration list for PBXNativeTarget "social_photosTests" */;
			buildPhases = (
				432DAA2C1A2475380090D777 /* Sources */,
				432DAA2D1A2475380090D777 /* Frameworks */,
				432DAA2E1A2475380090D777 /* Resources */,
			);
			buildRules = (
			);
			dependencies = (
				432DAA321A2475380090D777 /* PBXTargetDependency */,
			);
			name = social_photosTests;
			productName = social_photosTests;
			productReference = 432DAA301A2475380090D777 /* social_photosTests.xctest */;
			productType = "com.apple.product-type.bundle.unit-test";
		};
/* End PBXNativeTarget section */

/* Begin PBXProject section */
		432DAA0F1A2475380090D777 /* Project object */ = {
			isa = PBXProject;
			attributes = {
				LastUpgradeCheck = 0610;
				ORGANIZATIONNAME = ifcantel;
				TargetAttributes = {
					432DAA161A2475380090D777 = {
						CreatedOnToolsVersion = 6.1;
						DevelopmentTeam = 6YT7SBM827;
					};
					432DAA2F1A2475380090D777 = {
						CreatedOnToolsVersion = 6.1;
						TestTargetID = 432DAA161A2475380090D777;
					};
				};
			};
			buildConfigurationList = 432DAA121A2475380090D777 /* Build configuration list for PBXProject "social_photos" */;
			compatibilityVersion = "Xcode 3.2";
			developmentRegion = English;
			hasScannedForEncodings = 0;
			knownRegions = (
				en,
				Base,
			);
			mainGroup = 432DAA0E1A2475380090D777;
			productRefGroup = 432DAA181A2475380090D777 /* Products */;
			projectDirPath = "";
			projectRoot = "";
			targets = (
				432DAA161A2475380090D777 /* social_photos */,
				432DAA2F1A2475380090D777 /* social_photosTests */,
			);
		};
/* End PBXProject section */

/* Begin PBXResourcesBuildPhase section */
		432DAA151A2475380090D777 /* Resources */ = {
			isa = PBXResourcesBuildPhase;
			buildActionMask = 2147483647;
			files = (
				432DAA261A2475380090D777 /* Main.storyboard in Resources */,
				432DAA2B1A2475380090D777 /* LaunchScreen.xib in Resources */,
				432DAA281A2475380090D777 /* Images.xcassets in Resources */,
				432DAA681A25665C0090D777 /* texture.jpg in Resources */,
			);
			runOnlyForDeploymentPostprocessing = 0;
		};
		432DAA2E1A2475380090D777 /* Resources */ = {
			isa = PBXResourcesBuildPhase;
			buildActionMask = 2147483647;
			files = (
			);
			runOnlyForDeploymentPostprocessing = 0;
		};
/* End PBXResourcesBuildPhase section */

/* Begin PBXSourcesBuildPhase section */
		432DAA131A2475380090D777 /* Sources */ = {
			isa = PBXSourcesBuildPhase;
			buildActionMask = 2147483647;
			files = (
				432DAA461A2479190090D777 /* README.md in Sources */,
				432DAA6B1A256ED80090D777 /* NTPhotosCollectionViewController.m in Sources */,
				43F52A971A26E93100245C07 /* NTSocialInterface.m in Sources */,
				432DAA591A254C4E0090D777 /* NTAlbumsTableViewController.m in Sources */,
				432DAA601A254D960090D777 /* NTUser.m in Sources */,
				432DAA701A263ECE0090D777 /* UIAlertView+NTShow.m in Sources */,
				432DAA1D1A2475380090D777 /* main.m in Sources */,
				432DAA731A2641B00090D777 /* UIActivityIndicatorView+NTShow.m in Sources */,
				432DAA581A254C4E0090D777 /* AppDelegate.m in Sources */,
				432DAA5A1A254C4E0090D777 /* NTHomeViewController.m in Sources */,
				432DAA661A25638E0090D777 /* NTAlbumCollectionViewController.m in Sources */,
				43F52A9A1A26E94900245C07 /* NTAlbum.m in Sources */,
			);
			runOnlyForDeploymentPostprocessing = 0;
		};
		432DAA2C1A2475380090D777 /* Sources */ = {
			isa = PBXSourcesBuildPhase;
			buildActionMask = 2147483647;
			files = (
				432DAA371A2475380090D777 /* social_photosTests.m in Sources */,
			);
			runOnlyForDeploymentPostprocessing = 0;
		};
/* End PBXSourcesBuildPhase section */

/* Begin PBXTargetDependency section */
		432DAA321A2475380090D777 /* PBXTargetDependency */ = {
			isa = PBXTargetDependency;
			target = 432DAA161A2475380090D777 /* social_photos */;
			targetProxy = 432DAA311A2475380090D777 /* PBXContainerItemProxy */;
		};
/* End PBXTargetDependency section */

/* Begin PBXVariantGroup section */
		432DAA241A2475380090D777 /* Main.storyboard */ = {
			isa = PBXVariantGroup;
			children = (
				432DAA251A2475380090D777 /* Base */,
			);
			name = Main.storyboard;
			sourceTree = "<group>";
		};
		432DAA291A2475380090D777 /* LaunchScreen.xib */ = {
			isa = PBXVariantGroup;
			children = (
				432DAA2A1A2475380090D777 /* Base */,
			);
			name = LaunchScreen.xib;
			sourceTree = "<group>";
		};
/* End PBXVariantGroup section */

/* Begin XCBuildConfiguration section */
		432DAA381A2475380090D777 /* Debug */ = {
			isa = XCBuildConfiguration;
			buildSettings = {
				ALWAYS_SEARCH_USER_PATHS = NO;
				CLANG_CXX_LANGUAGE_STANDARD = "gnu++0x";
				CLANG_CXX_LIBRARY = "libc++";
				CLANG_ENABLE_MODULES = YES;
				CLANG_ENABLE_OBJC_ARC = YES;
				CLANG_WARN_BOOL_CONVERSION = YES;
				CLANG_WARN_CONSTANT_CONVERSION = YES;
				CLANG_WARN_DIRECT_OBJC_ISA_USAGE = YES_ERROR;
				CLANG_WARN_EMPTY_BODY = YES;
				CLANG_WARN_ENUM_CONVERSION = YES;
				CLANG_WARN_INT_CONVERSION = YES;
				CLANG_WARN_OBJC_ROOT_CLASS = YES_ERROR;
				CLANG_WARN_UNREACHABLE_CODE = YES;
				CLANG_WARN__DUPLICATE_METHOD_MATCH = YES;
				"CODE_SIGN_IDENTITY[sdk=iphoneos*]" = "iPhone Developer";
				COPY_PHASE_STRIP = NO;
				ENABLE_STRICT_OBJC_MSGSEND = YES;
				GCC_C_LANGUAGE_STANDARD = gnu99;
				GCC_DYNAMIC_NO_PIC = NO;
				GCC_OPTIMIZATION_LEVEL = 0;
				GCC_PREPROCESSOR_DEFINITIONS = (
					"DEBUG=1",
					"$(inherited)",
				);
				GCC_SYMBOLS_PRIVATE_EXTERN = NO;
				GCC_WARN_64_TO_32_BIT_CONVERSION = YES;
				GCC_WARN_ABOUT_RETURN_TYPE = YES_ERROR;
				GCC_WARN_UNDECLARED_SELECTOR = YES;
				GCC_WARN_UNINITIALIZED_AUTOS = YES_AGGRESSIVE;
				GCC_WARN_UNUSED_FUNCTION = YES;
				GCC_WARN_UNUSED_VARIABLE = YES;
				IPHONEOS_DEPLOYMENT_TARGET = 8.1;
				MTL_ENABLE_DEBUG_INFO = YES;
				ONLY_ACTIVE_ARCH = YES;
				SDKROOT = iphoneos;
				TARGETED_DEVICE_FAMILY = "1,2";
			};
			name = Debug;
		};
		432DAA391A2475380090D777 /* Release */ = {
			isa = XCBuildConfiguration;
			buildSettings = {
				ALWAYS_SEARCH_USER_PATHS = NO;
				CLANG_CXX_LANGUAGE_STANDARD = "gnu++0x";
				CLANG_CXX_LIBRARY = "libc++";
				CLANG_ENABLE_MODULES = YES;
				CLANG_ENABLE_OBJC_ARC = YES;
				CLANG_WARN_BOOL_CONVERSION = YES;
				CLANG_WARN_CONSTANT_CONVERSION = YES;
				CLANG_WARN_DIRECT_OBJC_ISA_USAGE = YES_ERROR;
				CLANG_WARN_EMPTY_BODY = YES;
				CLANG_WARN_ENUM_CONVERSION = YES;
				CLANG_WARN_INT_CONVERSION = YES;
				CLANG_WARN_OBJC_ROOT_CLASS = YES_ERROR;
				CLANG_WARN_UNREACHABLE_CODE = YES;
				CLANG_WARN__DUPLICATE_METHOD_MATCH = YES;
				"CODE_SIGN_IDENTITY[sdk=iphoneos*]" = "iPhone Developer";
				COPY_PHASE_STRIP = YES;
				ENABLE_NS_ASSERTIONS = NO;
				ENABLE_STRICT_OBJC_MSGSEND = YES;
				GCC_C_LANGUAGE_STANDARD = gnu99;
				GCC_WARN_64_TO_32_BIT_CONVERSION = YES;
				GCC_WARN_ABOUT_RETURN_TYPE = YES_ERROR;
				GCC_WARN_UNDECLARED_SELECTOR = YES;
				GCC_WARN_UNINITIALIZED_AUTOS = YES_AGGRESSIVE;
				GCC_WARN_UNUSED_FUNCTION = YES;
				GCC_WARN_UNUSED_VARIABLE = YES;
				IPHONEOS_DEPLOYMENT_TARGET = 8.1;
				MTL_ENABLE_DEBUG_INFO = NO;
				SDKROOT = iphoneos;
				TARGETED_DEVICE_FAMILY = "1,2";
				VALIDATE_PRODUCT = YES;
			};
			name = Release;
		};
		432DAA3B1A2475380090D777 /* Debug */ = {
			isa = XCBuildConfiguration;
			buildSettings = {
				ASSETCATALOG_COMPILER_APPICON_NAME = AppIcon;
				CODE_SIGN_IDENTITY = "iPhone Developer";
				FRAMEWORK_SEARCH_PATHS = (
					"$(inherited)",
					"$(PROJECT_DIR)",
				);
				INFOPLIST_FILE = social_photos/Info.plist;
				IPHONEOS_DEPLOYMENT_TARGET = 7.0;
				LD_RUNPATH_SEARCH_PATHS = "$(inherited) @executable_path/Frameworks";
				PRODUCT_NAME = "$(TARGET_NAME)";
			};
			name = Debug;
		};
		432DAA3C1A2475380090D777 /* Release */ = {
			isa = XCBuildConfiguration;
			buildSettings = {
				ASSETCATALOG_COMPILER_APPICON_NAME = AppIcon;
				CODE_SIGN_IDENTITY = "iPhone Developer";
				FRAMEWORK_SEARCH_PATHS = (
					"$(inherited)",
					"$(PROJECT_DIR)",
				);
				INFOPLIST_FILE = social_photos/Info.plist;
				IPHONEOS_DEPLOYMENT_TARGET = 7.0;
				LD_RUNPATH_SEARCH_PATHS = "$(inherited) @executable_path/Frameworks";
				PRODUCT_NAME = "$(TARGET_NAME)";
			};
			name = Release;
		};
		432DAA3E1A2475380090D777 /* Debug */ = {
			isa = XCBuildConfiguration;
			buildSettings = {
				BUNDLE_LOADER = "$(TEST_HOST)";
				FRAMEWORK_SEARCH_PATHS = (
					"$(SDKROOT)/Developer/Library/Frameworks",
					"$(inherited)",
				);
				GCC_PREPROCESSOR_DEFINITIONS = (
					"DEBUG=1",
					"$(inherited)",
				);
				INFOPLIST_FILE = social_photosTests/Info.plist;
				LD_RUNPATH_SEARCH_PATHS = "$(inherited) @executable_path/Frameworks @loader_path/Frameworks";
				PRODUCT_NAME = "$(TARGET_NAME)";
				TEST_HOST = "$(BUILT_PRODUCTS_DIR)/social_photos.app/social_photos";
			};
			name = Debug;
		};
		432DAA3F1A2475380090D777 /* Release */ = {
			isa = XCBuildConfiguration;
			buildSettings = {
				BUNDLE_LOADER = "$(TEST_HOST)";
				FRAMEWORK_SEARCH_PATHS = (
					"$(SDKROOT)/Developer/Library/Frameworks",
					"$(inherited)",
				);
				INFOPLIST_FILE = social_photosTests/Info.plist;
				LD_RUNPATH_SEARCH_PATHS = "$(inherited) @executable_path/Frameworks @loader_path/Frameworks";
				PRODUCT_NAME = "$(TARGET_NAME)";
				TEST_HOST = "$(BUILT_PRODUCTS_DIR)/social_photos.app/social_photos";
			};
			name = Release;
		};
/* End XCBuildConfiguration section */

/* Begin XCConfigurationList section */
		432DAA121A2475380090D777 /* Build configuration list for PBXProject "social_photos" */ = {
			isa = XCConfigurationList;
			buildConfigurations = (
				432DAA381A2475380090D777 /* Debug */,
				432DAA391A2475380090D777 /* Release */,
			);
			defaultConfigurationIsVisible = 0;
			defaultConfigurationName = Release;
		};
		432DAA3A1A2475380090D777 /* Build configuration list for PBXNativeTarget "social_photos" */ = {
			isa = XCConfigurationList;
			buildConfigurations = (
				432DAA3B1A2475380090D777 /* Debug */,
				432DAA3C1A2475380090D777 /* Release */,
			);
			defaultConfigurationIsVisible = 0;
			defaultConfigurationName = Release;
		};
		432DAA3D1A2475380090D777 /* Build configuration list for PBXNativeTarget "social_photosTests" */ = {
			isa = XCConfigurationList;
			buildConfigurations = (
				432DAA3E1A2475380090D777 /* Debug */,
				432DAA3F1A2475380090D777 /* Release */,
			);
			defaultConfigurationIsVisible = 0;
			defaultConfigurationName = Release;
		};
/* End XCConfigurationList section */
	};
	rootObject = 432DAA0F1A2475380090D777 /* Project object */;
}
